// !$*UTF8*$!
{
	archiveVersion = 1;
	classes = {
	};
	objectVersion = 46;
	objects = {

/* Begin PBXBuildFile section */
		B9D984041F74691A00625BF4 /* AppDelegate.swift in Sources */ = {isa = PBXBuildFile; fileRef = B9D984031F74691A00625BF4 /* AppDelegate.swift */; };
		B9D984061F74691A00625BF4 /* ViewController.swift in Sources */ = {isa = PBXBuildFile; fileRef = B9D984051F74691A00625BF4 /* ViewController.swift */; };
		B9D984091F74691A00625BF4 /* Main.storyboard in Resources */ = {isa = PBXBuildFile; fileRef = B9D984071F74691A00625BF4 /* Main.storyboard */; };
		B9D9840B1F74691A00625BF4 /* Assets.xcassets in Resources */ = {isa = PBXBuildFile; fileRef = B9D9840A1F74691A00625BF4 /* Assets.xcassets */; };
		B9D9840E1F74691A00625BF4 /* LaunchScreen.storyboard in Resources */ = {isa = PBXBuildFile; fileRef = B9D9840C1F74691A00625BF4 /* LaunchScreen.storyboard */; };
/* End PBXBuildFile section */

/* Begin PBXFileReference section */
		B9D984001F74691A00625BF4 /* autoLayoutChallenges.app */ = {isa = PBXFileReference; explicitFileType = wrapper.application; includeInIndex = 0; path = autoLayoutChallenges.app; sourceTree = BUILT_PRODUCTS_DIR; };
		B9D984031F74691A00625BF4 /* AppDelegate.swift */ = {isa = PBXFileReference; lastKnownFileType = sourcecode.swift; path = AppDelegate.swift; sourceTree = "<group>"; };
		B9D984051F74691A00625BF4 /* ViewController.swift */ = {isa = PBXFileReference; lastKnownFileType = sourcecode.swift; path = ViewController.swift; sourceTree = "<group>"; };
		B9D984081F74691A00625BF4 /* Base */ = {isa = PBXFileReference; lastKnownFileType = file.storyboard; name = Base; path = Base.lproj/Main.storyboard; sourceTree = "<group>"; };
		B9D9840A1F74691A00625BF4 /* Assets.xcassets */ = {isa = PBXFileReference; lastKnownFileType = folder.assetcatalog; path = Assets.xcassets; sourceTree = "<group>"; };
		B9D9840D1F74691A00625BF4 /* Base */ = {isa = PBXFileReference; lastKnownFileType = file.storyboard; name = Base; path = Base.lproj/LaunchScreen.storyboard; sourceTree = "<group>"; };
		B9D9840F1F74691A00625BF4 /* Info.plist */ = {isa = PBXFileReference; lastKnownFileType = text.plist.xml; path = Info.plist; sourceTree = "<group>"; };
/* End PBXFileReference section */

/* Begin PBXFrameworksBuildPhase section */
		B9D983FD1F74691A00625BF4 /* Frameworks */ = {
			isa = PBXFrameworksBuildPhase;
			buildActionMask = 2147483647;
			files = (
			);
			runOnlyForDeploymentPostprocessing = 0;
		};
/* End PBXFrameworksBuildPhase section */

/* Begin PBXGroup section */
		B9D983F71F74691A00625BF4 = {
			isa = PBXGroup;
			children = (
				B9D984021F74691A00625BF4 /* autoLayoutChallenges */,
				B9D984011F74691A00625BF4 /* Products */,
			);
			sourceTree = "<group>";
		};
		B9D984011F74691A00625BF4 /* Products */ = {
			isa = PBXGroup;
			children = (
				B9D984001F74691A00625BF4 /* autoLayoutChallenges.app */,
			);
			name = Products;
			sourceTree = "<group>";
		};
		B9D984021F74691A00625BF4 /* autoLayoutChallenges */ = {
			isa = PBXGroup;
			children = (
				B9D984031F74691A00625BF4 /* AppDelegate.swift */,
				B9D984051F74691A00625BF4 /* ViewController.swift */,
				B9D984071F74691A00625BF4 /* Main.storyboard */,
				B9D9840A1F74691A00625BF4 /* Assets.xcassets */,
				B9D9840C1F74691A00625BF4 /* LaunchScreen.storyboard */,
				B9D9840F1F74691A00625BF4 /* Info.plist */,
			);
			path = autoLayoutChallenges;
			sourceTree = "<group>";
		};
/* End PBXGroup section */

/* Begin PBXNativeTarget section */
		B9D983FF1F74691A00625BF4 /* autoLayoutChallenges */ = {
			isa = PBXNativeTarget;
			buildConfigurationList = B9D984121F74691A00625BF4 /* Build configuration list for PBXNativeTarget "autoLayoutChallenges" */;
			buildPhases = (
				B9D983FC1F74691A00625BF4 /* Sources */,
				B9D983FD1F74691A00625BF4 /* Frameworks */,
				B9D983FE1F74691A00625BF4 /* Resources */,
			);
			buildRules = (
			);
			dependencies = (
			);
			name = autoLayoutChallenges;
			productName = autoLayoutChallenges;
			productReference = B9D984001F74691A00625BF4 /* autoLayoutChallenges.app */;
			productType = "com.apple.product-type.application";
		};
/* End PBXNativeTarget section */

/* Begin PBXProject section */
		B9D983F81F74691A00625BF4 /* Project object */ = {
			isa = PBXProject;
			attributes = {
				LastSwiftUpdateCheck = 0830;
				LastUpgradeCheck = 0830;
				ORGANIZATIONNAME = "Phyllis Wong";
				TargetAttributes = {
					B9D983FF1F74691A00625BF4 = {
						CreatedOnToolsVersion = 8.3.3;
						DevelopmentTeam = S44SNCV32X;
						ProvisioningStyle = Automatic;
					};
				};
			};
			buildConfigurationList = B9D983FB1F74691A00625BF4 /* Build configuration list for PBXProject "autoLayoutChallenges" */;
			compatibilityVersion = "Xcode 3.2";
			developmentRegion = English;
			hasScannedForEncodings = 0;
			knownRegions = (
				en,
				Base,
			);
			mainGroup = B9D983F71F74691A00625BF4;
			productRefGroup = B9D984011F74691A00625BF4 /* Products */;
			projectDirPath = "";
			projectRoot = "";
			targets = (
				B9D983FF1F74691A00625BF4 /* autoLayoutChallenges */,
			);
		};
/* End PBXProject section */

/* Begin PBXResourcesBuildPhase section */
		B9D983FE1F74691A00625BF4 /* Resources */ = {
			isa = PBXResourcesBuildPhase;
			buildActionMask = 2147483647;
			files = (
				B9D9840E1F74691A00625BF4 /* LaunchScreen.storyboard in Resources */,
				B9D9840B1F74691A00625BF4 /* Assets.xcassets in Resources */,
				B9D984091F74691A00625BF4 /* Main.storyboard in Resources */,
			);
			runOnlyForDeploymentPostprocessing = 0;
		};
/* End PBXResourcesBuildPhase section */

/* Begin PBXSourcesBuildPhase section */
		B9D983FC1F74691A00625BF4 /* Sources */ = {
			isa = PBXSourcesBuildPhase;
			buildActionMask = 2147483647;
			files = (
				B9D984061F74691A00625BF4 /* ViewController.swift in Sources */,
				B9D984041F74691A00625BF4 /* AppDelegate.swift in Sources */,
			);
			runOnlyForDeploymentPostprocessing = 0;
		};
/* End PBXSourcesBuildPhase section */

/* Begin PBXVariantGroup section */
		B9D984071F74691A00625BF4 /* Main.storyboard */ = {
			isa = PBXVariantGroup;
			children = (
				B9D984081F74691A00625BF4 /* Base */,
			);
			name = Main.storyboard;
			sourceTree = "<group>";
		};
		B9D9840C1F74691A00625BF4 /* LaunchScreen.storyboard */ = {
			isa = PBXVariantGroup;
			children = (
				B9D9840D1F74691A00625BF4 /* Base */,
			);
			name = LaunchScreen.storyboard;
			sourceTree = "<group>";
		};
/* End PBXVariantGroup section */

/* Begin XCBuildConfiguration section */
		B9D984101F74691A00625BF4 /* Debug */ = {
			isa = XCBuildConfiguration;
			buildSettings = {
				ALWAYS_SEARCH_USER_PATHS = NO;
				CLANG_ANALYZER_NONNULL = YES;
				CLANG_ANALYZER_NUMBER_OBJECT_CONVERSION = YES_AGGRESSIVE;
				CLANG_CXX_LANGUAGE_STANDARD = "gnu++0x";
				CLANG_CXX_LIBRARY = "libc++";
				CLANG_ENABLE_MODULES = YES;
				CLANG_ENABLE_OBJC_ARC = YES;
				CLANG_WARN_BOOL_CONVERSION = YES;
				CLANG_WARN_CONSTANT_CONVERSION = YES;
				CLANG_WARN_DIRECT_OBJC_ISA_USAGE = YES_ERROR;
				CLANG_WARN_DOCUMENTATION_COMMENTS = YES;
				CLANG_WARN_EMPTY_BODY = YES;
				CLANG_WARN_ENUM_CONVERSION = YES;
				CLANG_WARN_INFINITE_RECURSION = YES;
				CLANG_WARN_INT_CONVERSION = YES;
				CLANG_WARN_OBJC_ROOT_CLASS = YES_ERROR;
				CLANG_WARN_SUSPICIOUS_MOVE = YES;
				CLANG_WARN_UNREACHABLE_CODE = YES;
				CLANG_WARN__DUPLICATE_METHOD_MATCH = YES;
				"CODE_SIGN_IDENTITY[sdk=iphoneos*]" = "iPhone Developer";
				COPY_PHASE_STRIP = NO;
				DEBUG_INFORMATION_FORMAT = dwarf;
				ENABLE_STRICT_OBJC_MSGSEND = YES;
				ENABLE_TESTABILITY = YES;
				GCC_C_LANGUAGE_STANDARD = gnu99;
				GCC_DYNAMIC_NO_PIC = NO;
				GCC_NO_COMMON_BLOCKS = YES;
				GCC_OPTIMIZATION_LEVEL = 0;
				GCC_PREPROCESSOR_DEFINITIONS = (
					"DEBUG=1",
					"$(inherited)",
				);
				GCC_WARN_64_TO_32_BIT_CONVERSION = YES;
				GCC_WARN_ABOUT_RETURN_TYPE = YES_ERROR;
				GCC_WARN_UNDECLARED_SELECTOR = YES;
				GCC_WARN_UNINITIALIZED_AUTOS = YES_AGGRESSIVE;
				GCC_WARN_UNUSED_FUNCTION = YES;
				GCC_WARN_UNUSED_VARIABLE = YES;
				IPHONEOS_DEPLOYMENT_TARGET = 10.3;
				MTL_ENABLE_DEBUG_INFO = YES;
				ONLY_ACTIVE_ARCH = YES;
				SDKROOT = iphoneos;
				SWIFT_ACTIVE_COMPILATION_CONDITIONS = DEBUG;
				SWIFT_OPTIMIZATION_LEVEL = "-Onone";
			};
			name = Debug;
		};
		B9D984111F74691A00625BF4 /* Release */ = {
			isa = XCBuildConfiguration;
			buildSettings = {
				ALWAYS_SEARCH_USER_PATHS = NO;
				CLANG_ANALYZER_NONNULL = YES;
				CLANG_ANALYZER_NUMBER_OBJECT_CONVERSION = YES_AGGRESSIVE;
				CLANG_CXX_LANGUAGE_STANDARD = "gnu++0x";
				CLANG_CXX_LIBRARY = "libc++";
				CLANG_ENABLE_MODULES = YES;
				CLANG_ENABLE_OBJC_ARC = YES;
				CLANG_WARN_BOOL_CONVERSION = YES;
				CLANG_WARN_CONSTANT_CONVERSION = YES;
				CLANG_WARN_DIRECT_OBJC_ISA_USAGE = YES_ERROR;
				CLANG_WARN_DOCUMENTATION_COMMENTS = YES;
				CLANG_WARN_EMPTY_BODY = YES;
				CLANG_WARN_ENUM_CONVERSION = YES;
				CLANG_WARN_INFINITE_RECURSION = YES;
				CLANG_WARN_INT_CONVERSION = YES;
				CLANG_WARN_OBJC_ROOT_CLASS = YES_ERROR;
				CLANG_WARN_SUSPICIOUS_MOVE = YES;
				CLANG_WARN_UNREACHABLE_CODE = YES;
				CLANG_WARN__DUPLICATE_METHOD_MATCH = YES;
				"CODE_SIGN_IDENTITY[sdk=iphoneos*]" = "iPhone Developer";
				COPY_PHASE_STRIP = NO;
				DEBUG_INFORMATION_FORMAT = "dwarf-with-dsym";
				ENABLE_NS_ASSERTIONS = NO;
				ENABLE_STRICT_OBJC_MSGSEND = YES;
				GCC_C_LANGUAGE_STANDARD = gnu99;
				GCC_NO_COMMON_BLOCKS = YES;
				GCC_WARN_64_TO_32_BIT_CONVERSION = YES;
				GCC_WARN_ABOUT_RETURN_TYPE = YES_ERROR;
				GCC_WARN_UNDECLARED_SELECTOR = YES;
				GCC_WARN_UNINITIALIZED_AUTOS = YES_AGGRESSIVE;
				GCC_WARN_UNUSED_FUNCTION = YES;
				GCC_WARN_UNUSED_VARIABLE = YES;
				IPHONEOS_DEPLOYMENT_TARGET = 10.3;
				MTL_ENABLE_DEBUG_INFO = NO;
				SDKROOT = iphoneos;
				SWIFT_OPTIMIZATION_LEVEL = "-Owholemodule";
				VALIDATE_PRODUCT = YES;
			};
			name = Release;
		};
		B9D984131F74691A00625BF4 /* Debug */ = {
			isa = XCBuildConfiguration;
			buildSettings = {
				ASSETCATALOG_COMPILER_APPICON_NAME = AppIcon;
				DEVELOPMENT_TEAM = S44SNCV32X;
				INFOPLIST_FILE = autoLayoutChallenges/Info.plist;
				IPHONEOS_DEPLOYMENT_TARGET = 10.3;
				LD_RUNPATH_SEARCH_PATHS = "$(inherited) @executable_path/Frameworks";
				PRODUCT_BUNDLE_IDENTIFIER = com.phyllisApps.autoLayoutChallenges;
				PRODUCT_NAME = "$(TARGET_NAME)";
				SWIFT_VERSION = 3.0;
			};
			name = Debug;
		};
		B9D984141F74691A00625BF4 /* Release */ = {
			isa = XCBuildConfiguration;
			buildSettings = {
				ASSETCATALOG_COMPILER_APPICON_NAME = AppIcon;
				DEVELOPMENT_TEAM = S44SNCV32X;
				INFOPLIST_FILE = autoLayoutChallenges/Info.plist;
				IPHONEOS_DEPLOYMENT_TARGET = 10.3;
				LD_RUNPATH_SEARCH_PATHS = "$(inherited) @executable_path/Frameworks";
				PRODUCT_BUNDLE_IDENTIFIER = com.phyllisApps.autoLayoutChallenges;
				PRODUCT_NAME = "$(TARGET_NAME)";
				SWIFT_VERSION = 3.0;
			};
			name = Release;
		};
/* End XCBuildConfiguration section */

/* Begin XCConfigurationList section */
		B9D983FB1F74691A00625BF4 /* Build configuration list for PBXProject "autoLayoutChallenges" */ = {
			isa = XCConfigurationList;
			buildConfigurations = (
				B9D984101F74691A00625BF4 /* Debug */,
				B9D984111F74691A00625BF4 /* Release */,
			);
			defaultConfigurationIsVisible = 0;
			defaultConfigurationName = Release;
		};
		B9D984121F74691A00625BF4 /* Build configuration list for PBXNativeTarget "autoLayoutChallenges" */ = {
			isa = XCConfigurationList;
			buildConfigurations = (
				B9D984131F74691A00625BF4 /* Debug */,
				B9D984141F74691A00625BF4 /* Release */,
			);
			defaultConfigurationIsVisible = 0;
		};
/* End XCConfigurationList section */
	};
	rootObject = B9D983F81F74691A00625BF4 /* Project object */;
}
